// !$*UTF8*$!
{
	archiveVersion = 1;
	classes = {
	};
	objectVersion = 48;
	objects = {

/* Begin PBXBuildFile section */
		DB54B7B11EF33B54003F6A32 /* AppDelegate.swift in Sources */ = {isa = PBXBuildFile; fileRef = DB54B7B01EF33B54003F6A32 /* AppDelegate.swift */; };
		DB54B7B31EF33B54003F6A32 /* ViewController.swift in Sources */ = {isa = PBXBuildFile; fileRef = DB54B7B21EF33B54003F6A32 /* ViewController.swift */; };
		DB54B7B61EF33B54003F6A32 /* Main.storyboard in Resources */ = {isa = PBXBuildFile; fileRef = DB54B7B41EF33B54003F6A32 /* Main.storyboard */; };
		DB54B7B81EF33B54003F6A32 /* Assets.xcassets in Resources */ = {isa = PBXBuildFile; fileRef = DB54B7B71EF33B54003F6A32 /* Assets.xcassets */; };
		DB54B7BB1EF33B54003F6A32 /* LaunchScreen.storyboard in Resources */ = {isa = PBXBuildFile; fileRef = DB54B7B91EF33B54003F6A32 /* LaunchScreen.storyboard */; };
/* End PBXBuildFile section */

/* Begin PBXFileReference section */
		DB54B7AD1EF33B54003F6A32 /* CollageShare.app */ = {isa = PBXFileReference; explicitFileType = wrapper.application; includeInIndex = 0; path = CollageShare.app; sourceTree = BUILT_PRODUCTS_DIR; };
		DB54B7B01EF33B54003F6A32 /* AppDelegate.swift */ = {isa = PBXFileReference; lastKnownFileType = sourcecode.swift; path = AppDelegate.swift; sourceTree = "<group>"; };
		DB54B7B21EF33B54003F6A32 /* ViewController.swift */ = {isa = PBXFileReference; lastKnownFileType = sourcecode.swift; path = ViewController.swift; sourceTree = "<group>"; };
		DB54B7B51EF33B54003F6A32 /* Base */ = {isa = PBXFileReference; lastKnownFileType = file.storyboard; name = Base; path = Base.lproj/Main.storyboard; sourceTree = "<group>"; };
		DB54B7B71EF33B54003F6A32 /* Assets.xcassets */ = {isa = PBXFileReference; lastKnownFileType = folder.assetcatalog; path = Assets.xcassets; sourceTree = "<group>"; };
		DB54B7BA1EF33B54003F6A32 /* Base */ = {isa = PBXFileReference; lastKnownFileType = file.storyboard; name = Base; path = Base.lproj/LaunchScreen.storyboard; sourceTree = "<group>"; };
		DB54B7BC1EF33B54003F6A32 /* Info.plist */ = {isa = PBXFileReference; lastKnownFileType = text.plist.xml; path = Info.plist; sourceTree = "<group>"; };
/* End PBXFileReference section */

/* Begin PBXFrameworksBuildPhase section */
		DB54B7AA1EF33B54003F6A32 /* Frameworks */ = {
			isa = PBXFrameworksBuildPhase;
			buildActionMask = 2147483647;
			files = (
			);
			runOnlyForDeploymentPostprocessing = 0;
		};
/* End PBXFrameworksBuildPhase section */

/* Begin PBXGroup section */
		DB54B7A41EF33B54003F6A32 = {
			isa = PBXGroup;
			children = (
				DB54B7AF1EF33B54003F6A32 /* CollageShare */,
				DB54B7AE1EF33B54003F6A32 /* Products */,
			);
			sourceTree = "<group>";
		};
		DB54B7AE1EF33B54003F6A32 /* Products */ = {
			isa = PBXGroup;
			children = (
				DB54B7AD1EF33B54003F6A32 /* CollageShare.app */,
			);
			name = Products;
			sourceTree = "<group>";
		};
		DB54B7AF1EF33B54003F6A32 /* CollageShare */ = {
			isa = PBXGroup;
			children = (
				DB54B7B01EF33B54003F6A32 /* AppDelegate.swift */,
				DB54B7B21EF33B54003F6A32 /* ViewController.swift */,
				DB54B7B41EF33B54003F6A32 /* Main.storyboard */,
				DB54B7B71EF33B54003F6A32 /* Assets.xcassets */,
				DB54B7B91EF33B54003F6A32 /* LaunchScreen.storyboard */,
				DB54B7BC1EF33B54003F6A32 /* Info.plist */,
			);
			path = CollageShare;
			sourceTree = "<group>";
		};
/* End PBXGroup section */

/* Begin PBXNativeTarget section */
		DB54B7AC1EF33B54003F6A32 /* CollageShare */ = {
			isa = PBXNativeTarget;
			buildConfigurationList = DB54B7BF1EF33B54003F6A32 /* Build configuration list for PBXNativeTarget "CollageShare" */;
			buildPhases = (
				DB54B7A91EF33B54003F6A32 /* Sources */,
				DB54B7AA1EF33B54003F6A32 /* Frameworks */,
				DB54B7AB1EF33B54003F6A32 /* Resources */,
			);
			buildRules = (
			);
			dependencies = (
			);
			name = CollageShare;
			productName = CollageShare;
			productReference = DB54B7AD1EF33B54003F6A32 /* CollageShare.app */;
			productType = "com.apple.product-type.application";
		};
/* End PBXNativeTarget section */

/* Begin PBXProject section */
		DB54B7A51EF33B54003F6A32 /* Project object */ = {
			isa = PBXProject;
			attributes = {
				LastSwiftUpdateCheck = 0900;
				LastUpgradeCheck = 0900;
				ORGANIZATIONNAME = "Weijie Lin";
				TargetAttributes = {
					DB54B7AC1EF33B54003F6A32 = {
						CreatedOnToolsVersion = 9.0;
					};
				};
			};
			buildConfigurationList = DB54B7A81EF33B54003F6A32 /* Build configuration list for PBXProject "CollageShare" */;
			compatibilityVersion = "Xcode 8.0";
			developmentRegion = en;
			hasScannedForEncodings = 0;
			knownRegions = (
				en,
				Base,
			);
			mainGroup = DB54B7A41EF33B54003F6A32;
			productRefGroup = DB54B7AE1EF33B54003F6A32 /* Products */;
			projectDirPath = "";
			projectRoot = "";
			targets = (
				DB54B7AC1EF33B54003F6A32 /* CollageShare */,
			);
		};
/* End PBXProject section */

/* Begin PBXResourcesBuildPhase section */
		DB54B7AB1EF33B54003F6A32 /* Resources */ = {
			isa = PBXResourcesBuildPhase;
			buildActionMask = 2147483647;
			files = (
				DB54B7BB1EF33B54003F6A32 /* LaunchScreen.storyboard in Resources */,
				DB54B7B81EF33B54003F6A32 /* Assets.xcassets in Resources */,
				DB54B7B61EF33B54003F6A32 /* Main.storyboard in Resources */,
			);
			runOnlyForDeploymentPostprocessing = 0;
		};
/* End PBXResourcesBuildPhase section */

/* Begin PBXSourcesBuildPhase section */
		DB54B7A91EF33B54003F6A32 /* Sources */ = {
			isa = PBXSourcesBuildPhase;
			buildActionMask = 2147483647;
			files = (
				DB54B7B31EF33B54003F6A32 /* ViewController.swift in Sources */,
				DB54B7B11EF33B54003F6A32 /* AppDelegate.swift in Sources */,
			);
			runOnlyForDeploymentPostprocessing = 0;
		};
/* End PBXSourcesBuildPhase section */

/* Begin PBXVariantGroup section */
		DB54B7B41EF33B54003F6A32 /* Main.storyboard */ = {
			isa = PBXVariantGroup;
			children = (
				DB54B7B51EF33B54003F6A32 /* Base */,
			);
			name = Main.storyboard;
			sourceTree = "<group>";
		};
		DB54B7B91EF33B54003F6A32 /* LaunchScreen.storyboard */ = {
			isa = PBXVariantGroup;
			children = (
				DB54B7BA1EF33B54003F6A32 /* Base */,
			);
			name = LaunchScreen.storyboard;
			sourceTree = "<group>";
		};
/* End PBXVariantGroup section */

/* Begin XCBuildConfiguration section */
		DB54B7BD1EF33B54003F6A32 /* Debug */ = {
			isa = XCBuildConfiguration;
			buildSettings = {
				ALWAYS_SEARCH_USER_PATHS = NO;
				CLANG_ANALYZER_NONNULL = YES;
				CLANG_ANALYZER_NUMBER_OBJECT_CONVERSION = YES_AGGRESSIVE;
				CLANG_CXX_LANGUAGE_STANDARD = "gnu++14";
				CLANG_CXX_LIBRARY = "libc++";
				CLANG_ENABLE_MODULES = YES;
				CLANG_ENABLE_OBJC_ARC = YES;
				CLANG_WARN_BLOCK_CAPTURE_AUTORELEASING = YES;
				CLANG_WARN_BOOL_CONVERSION = YES;
				CLANG_WARN_COMMA = YES;
				CLANG_WARN_CONSTANT_CONVERSION = YES;
				CLANG_WARN_DIRECT_OBJC_ISA_USAGE = YES_ERROR;
				CLANG_WARN_DOCUMENTATION_COMMENTS = YES;
				CLANG_WARN_EMPTY_BODY = YES;
				CLANG_WARN_ENUM_CONVERSION = YES;
				CLANG_WARN_INFINITE_RECURSION = YES;
				CLANG_WARN_INT_CONVERSION = YES;
				CLANG_WARN_OBJC_ROOT_CLASS = YES_ERROR;
				CLANG_WARN_RANGE_LOOP_ANALYSIS = YES;
				CLANG_WARN_STRICT_PROTOTYPES = YES;
				CLANG_WARN_SUSPICIOUS_MOVE = YES;
				CLANG_WARN_UNGUARDED_AVAILABILITY = YES_AGGRESSIVE;
				CLANG_WARN_UNREACHABLE_CODE = YES;
				CLANG_WARN__DUPLICATE_METHOD_MATCH = YES;
				CODE_SIGN_IDENTITY = "iPhone Developer";
				COPY_PHASE_STRIP = NO;
				DEBUG_INFORMATION_FORMAT = dwarf;
				ENABLE_STRICT_OBJC_MSGSEND = YES;
				ENABLE_TESTABILITY = YES;
				GCC_C_LANGUAGE_STANDARD = gnu11;
				GCC_DYNAMIC_NO_PIC = NO;
				GCC_NO_COMMON_BLOCKS = YES;
				GCC_OPTIMIZATION_LEVEL = 0;
				GCC_PREPROCESSOR_DEFINITIONS = (
					"DEBUG=1",
					"$(inherited)",
				);
				GCC_WARN_64_TO_32_BIT_CONVERSION = YES;
				GCC_WARN_ABOUT_RETURN_TYPE = YES_ERROR;
				GCC_WARN_UNDECLARED_SELECTOR = YES;
				GCC_WARN_UNINITIALIZED_AUTOS = YES_AGGRESSIVE;
				GCC_WARN_UNUSED_FUNCTION = YES;
				GCC_WARN_UNUSED_VARIABLE = YES;
				IPHONEOS_DEPLOYMENT_TARGET = 11.0;
				MTL_ENABLE_DEBUG_INFO = YES;
				ONLY_ACTIVE_ARCH = YES;
				SDKROOT = iphoneos;
				SWIFT_ACTIVE_COMPILATION_CONDITIONS = DEBUG;
				SWIFT_OPTIMIZATION_LEVEL = "-Onone";
			};
			name = Debug;
		};
		DB54B7BE1EF33B54003F6A32 /* Release */ = {
			isa = XCBuildConfiguration;
			buildSettings = {
				ALWAYS_SEARCH_USER_PATHS = NO;
				CLANG_ANALYZER_NONNULL = YES;
				CLANG_ANALYZER_NUMBER_OBJECT_CONVERSION = YES_AGGRESSIVE;
				CLANG_CXX_LANGUAGE_STANDARD = "gnu++14";
				CLANG_CXX_LIBRARY = "libc++";
				CLANG_ENABLE_MODULES = YES;
				CLANG_ENABLE_OBJC_ARC = YES;
				CLANG_WARN_BLOCK_CAPTURE_AUTORELEASING = YES;
				CLANG_WARN_BOOL_CONVERSION = YES;
				CLANG_WARN_COMMA = YES;
				CLANG_WARN_CONSTANT_CONVERSION = YES;
				CLANG_WARN_DIRECT_OBJC_ISA_USAGE = YES_ERROR;
				CLANG_WARN_DOCUMENTATION_COMMENTS = YES;
				CLANG_WARN_EMPTY_BODY = YES;
				CLANG_WARN_ENUM_CONVERSION = YES;
				CLANG_WARN_INFINITE_RECURSION = YES;
				CLANG_WARN_INT_CONVERSION = YES;
				CLANG_WARN_OBJC_ROOT_CLASS = YES_ERROR;
				CLANG_WARN_RANGE_LOOP_ANALYSIS = YES;
				CLANG_WARN_STRICT_PROTOTYPES = YES;
				CLANG_WARN_SUSPICIOUS_MOVE = YES;
				CLANG_WARN_UNGUARDED_AVAILABILITY = YES_AGGRESSIVE;
				CLANG_WARN_UNREACHABLE_CODE = YES;
				CLANG_WARN__DUPLICATE_METHOD_MATCH = YES;
				CODE_SIGN_IDENTITY = "iPhone Developer";
				COPY_PHASE_STRIP = NO;
				DEBUG_INFORMATION_FORMAT = "dwarf-with-dsym";
				ENABLE_NS_ASSERTIONS = NO;
				ENABLE_STRICT_OBJC_MSGSEND = YES;
				GCC_C_LANGUAGE_STANDARD = gnu11;
				GCC_NO_COMMON_BLOCKS = YES;
				GCC_WARN_64_TO_32_BIT_CONVERSION = YES;
				GCC_WARN_ABOUT_RETURN_TYPE = YES_ERROR;
				GCC_WARN_UNDECLARED_SELECTOR = YES;
				GCC_WARN_UNINITIALIZED_AUTOS = YES_AGGRESSIVE;
				GCC_WARN_UNUSED_FUNCTION = YES;
				GCC_WARN_UNUSED_VARIABLE = YES;
				IPHONEOS_DEPLOYMENT_TARGET = 11.0;
				MTL_ENABLE_DEBUG_INFO = NO;
				SDKROOT = iphoneos;
				SWIFT_OPTIMIZATION_LEVEL = "-Owholemodule";
				VALIDATE_PRODUCT = YES;
			};
			name = Release;
		};
		DB54B7C01EF33B54003F6A32 /* Debug */ = {
			isa = XCBuildConfiguration;
			buildSettings = {
				ASSETCATALOG_COMPILER_APPICON_NAME = AppIcon;
				DEVELOPMENT_TEAM = ZPWDFT65EV;
				INFOPLIST_FILE = CollageShare/Info.plist;
				LD_RUNPATH_SEARCH_PATHS = "$(inherited) @executable_path/Frameworks";
				PRODUCT_BUNDLE_IDENTIFIER = "com.Weijie-Lin.CollageShare";
				PRODUCT_NAME = "$(TARGET_NAME)";
				SWIFT_VERSION = 4.0;
				TARGETED_DEVICE_FAMILY = "1,2";
			};
			name = Debug;
		};
		DB54B7C11EF33B54003F6A32 /* Release */ = {
			isa = XCBuildConfiguration;
			buildSettings = {
				ASSETCATALOG_COMPILER_APPICON_NAME = AppIcon;
				DEVELOPMENT_TEAM = ZPWDFT65EV;
				INFOPLIST_FILE = CollageShare/Info.plist;
				LD_RUNPATH_SEARCH_PATHS = "$(inherited) @executable_path/Frameworks";
				PRODUCT_BUNDLE_IDENTIFIER = "com.Weijie-Lin.CollageShare";
				PRODUCT_NAME = "$(TARGET_NAME)";
				SWIFT_VERSION = 4.0;
				TARGETED_DEVICE_FAMILY = "1,2";
			};
			name = Release;
		};
/* End XCBuildConfiguration section */

/* Begin XCConfigurationList section */
		DB54B7A81EF33B54003F6A32 /* Build configuration list for PBXProject "CollageShare" */ = {
			isa = XCConfigurationList;
			buildConfigurations = (
				DB54B7BD1EF33B54003F6A32 /* Debug */,
				DB54B7BE1EF33B54003F6A32 /* Release */,
			);
			defaultConfigurationIsVisible = 0;
			defaultConfigurationName = Release;
		};
		DB54B7BF1EF33B54003F6A32 /* Build configuration list for PBXNativeTarget "CollageShare" */ = {
			isa = XCConfigurationList;
			buildConfigurations = (
				DB54B7C01EF33B54003F6A32 /* Debug */,
				DB54B7C11EF33B54003F6A32 /* Release */,
			);
			defaultConfigurationIsVisible = 0;
		};
/* End XCConfigurationList section */
	};
	rootObject = DB54B7A51EF33B54003F6A32 /* Project object */;
}
